
Microsoft Visual Studio Solution File, Format Version 12.00
# Visual Studio Version 16
VisualStudioVersion = 16.0.32901.82
MinimumVisualStudioVersion = 10.0.40219.1
Project("{9A19103F-16F7-4668-BE54-9A1E7A4F7556}") = "AutomationFramework461", "OmsnicAutomationFramework461\AutomationFramework461.csproj", "{A1D2CB6E-5CD1-43BF-B794-A61A39EA5BDB}"
EndProject
Global
	GlobalSection(SolutionConfigurationPlatforms) = preSolution
		Debug|Any CPU = Debug|Any CPU
		Release|Any CPU = Release|Any CPU
	EndGlobalSection
	GlobalSection(ProjectConfigurationPlatforms) = postSolution
		{A1D2CB6E-5CD1-43BF-B794-A61A39EA5BDB}.Debug|Any CPU.ActiveCfg = Debug|Any CPU
		{A1D2CB6E-5CD1-43BF-B794-A61A39EA5BDB}.Debug|Any CPU.Build.0 = Debug|Any CPU
		{A1D2CB6E-5CD1-43BF-B794-A61A39EA5BDB}.Release|Any CPU.ActiveCfg = Release|Any CPU
		{A1D2CB6E-5CD1-43BF-B794-A61A39EA5BDB}.Release|Any CPU.Build.0 = Release|Any CPU
	EndGlobalSection
	GlobalSection(SolutionProperties) = preSolution
		HideSolutionNode = FALSE
	EndGlobalSection
	GlobalSection(ExtensibilityGlobals) = postSolution
		SolutionGuid = {F1694A51-52EF-4769-84A4-66D2D9490E1D}
	EndGlobalSection
EndGlobal
